
Microsoft Visual Studio Solution File, Format Version 12.00
# Visual Studio Version 17
VisualStudioVersion = 17.0.31903.59
MinimumVisualStudioVersion = 10.0.40219.1
Project("{FAE04EC0-301F-11D3-BF4B-00C04F79EFBC}") = "GameStore.API", "GameStore.API\GameStore.API.csproj", "{6A3955C3-4F67-413B-B4D0-1F44F4082729}"
EndProject
Global
	GlobalSection(SolutionConfigurationPlatforms) = preSolution
		Debug|Any CPU = Debug|Any CPU
		Release|Any CPU = Release|Any CPU
	EndGlobalSection
	GlobalSection(SolutionProperties) = preSolution
		HideSolutionNode = FALSE
	EndGlobalSection
	GlobalSection(ProjectConfigurationPlatforms) = postSolution
		{6A3955C3-4F67-413B-B4D0-1F44F4082729}.Debug|Any CPU.ActiveCfg = Debug|Any CPU
		{6A3955C3-4F67-413B-B4D0-1F44F4082729}.Debug|Any CPU.Build.0 = Debug|Any CPU
		{6A3955C3-4F67-413B-B4D0-1F44F4082729}.Release|Any CPU.ActiveCfg = Release|Any CPU
		{6A3955C3-4F67-413B-B4D0-1F44F4082729}.Release|Any CPU.Build.0 = Release|Any CPU
	EndGlobalSection
EndGlobal
